
Microsoft Visual Studio Solution File, Format Version 12.00
# Visual Studio 2012
Project("{FAE04EC0-301F-11D3-BF4B-00C04F79EFBC}") = "MvcAngular", "MvcAngular\MvcAngular.csproj", "{F8416730-6A96-4DC7-835F-B36C433F2517}"
EndProject
Project("{FAE04EC0-301F-11D3-BF4B-00C04F79EFBC}") = "WebApplication", "WebApplication\WebApplication.csproj", "{A2D7E7BC-5847-429D-9B8C-A9B523E64DCB}"
EndProject
Global
	GlobalSection(SolutionConfigurationPlatforms) = preSolution
		Debug|Any CPU = Debug|Any CPU
		Release|Any CPU = Release|Any CPU
	EndGlobalSection
	GlobalSection(ProjectConfigurationPlatforms) = postSolution
		{F8416730-6A96-4DC7-835F-B36C433F2517}.Debug|Any CPU.ActiveCfg = Debug|Any CPU
		{F8416730-6A96-4DC7-835F-B36C433F2517}.Debug|Any CPU.Build.0 = Debug|Any CPU
		{F8416730-6A96-4DC7-835F-B36C433F2517}.Release|Any CPU.ActiveCfg = Release|Any CPU
		{F8416730-6A96-4DC7-835F-B36C433F2517}.Release|Any CPU.Build.0 = Release|Any CPU
		{A2D7E7BC-5847-429D-9B8C-A9B523E64DCB}.Debug|Any CPU.ActiveCfg = Debug|Any CPU
		{A2D7E7BC-5847-429D-9B8C-A9B523E64DCB}.Debug|Any CPU.Build.0 = Debug|Any CPU
		{A2D7E7BC-5847-429D-9B8C-A9B523E64DCB}.Release|Any CPU.ActiveCfg = Release|Any CPU
		{A2D7E7BC-5847-429D-9B8C-A9B523E64DCB}.Release|Any CPU.Build.0 = Release|Any CPU
	EndGlobalSection
	GlobalSection(SolutionProperties) = preSolution
		HideSolutionNode = FALSE
	EndGlobalSection
EndGlobal
